
Microsoft Visual Studio Solution File, Format Version 12.00
# Visual Studio Version 17
VisualStudioVersion = 17.1.32319.34
MinimumVisualStudioVersion = 10.0.40219.1
Project("{FAE04EC0-301F-11D3-BF4B-00C04F79EFBC}") = "Balls", "Balls\Balls.csproj", "{9E405DB0-4884-43F6-8EAB-2846BD805342}"
EndProject
Global
	GlobalSection(SolutionConfigurationPlatforms) = preSolution
		Debug|Any CPU = Debug|Any CPU
		Release|Any CPU = Release|Any CPU
	EndGlobalSection
	GlobalSection(ProjectConfigurationPlatforms) = postSolution
		{9E405DB0-4884-43F6-8EAB-2846BD805342}.Debug|Any CPU.ActiveCfg = Debug|Any CPU
		{9E405DB0-4884-43F6-8EAB-2846BD805342}.Debug|Any CPU.Build.0 = Debug|Any CPU
		{9E405DB0-4884-43F6-8EAB-2846BD805342}.Release|Any CPU.ActiveCfg = Release|Any CPU
		{9E405DB0-4884-43F6-8EAB-2846BD805342}.Release|Any CPU.Build.0 = Release|Any CPU
	EndGlobalSection
	GlobalSection(SolutionProperties) = preSolution
		HideSolutionNode = FALSE
	EndGlobalSection
	GlobalSection(ExtensibilityGlobals) = postSolution
		SolutionGuid = {5C3F16FE-4BF4-40A9-8AB7-1E4BFFD36E0D}
	EndGlobalSection
EndGlobal
