
Microsoft Visual Studio Solution File, Format Version 12.00
# Visual Studio Version 17
VisualStudioVersion = 17.1.32319.34
MinimumVisualStudioVersion = 10.0.40219.1
Project("{FAE04EC0-301F-11D3-BF4B-00C04F79EFBC}") = "View", "View\View.csproj", "{4F81917A-C1B3-4D74-95E8-D2C121F2818A}"
EndProject
Project("{2150E333-8FDC-42A3-9474-1A3956D46DE8}") = "Presentation", "Presentation", "{A71B9054-1D52-40F3-951E-29816CC64D17}"
EndProject
Project("{FAE04EC0-301F-11D3-BF4B-00C04F79EFBC}") = "Data", "Data\Data.csproj", "{0C7F35D8-48B8-4D67-A0E6-5FF8D768FF0D}"
EndProject
Project("{FAE04EC0-301F-11D3-BF4B-00C04F79EFBC}") = "Logic", "Logic\Logic.csproj", "{55F32B16-9EA1-471C-AC9D-87B4F213F341}"
EndProject
Project("{FAE04EC0-301F-11D3-BF4B-00C04F79EFBC}") = "Model", "Model\Model.csproj", "{0E196F8A-8983-42D4-A0E9-BA7165468C2B}"
EndProject
Project("{FAE04EC0-301F-11D3-BF4B-00C04F79EFBC}") = "ViewModel", "ViewModel\ViewModel.csproj", "{E93FCD0D-3301-4841-8F66-B268B51B6939}"
EndProject
Project("{FAE04EC0-301F-11D3-BF4B-00C04F79EFBC}") = "Test", "Test\Test.csproj", "{EEF787F0-7E4A-4C59-B708-5272287F04B6}"
EndProject
Global
	GlobalSection(SolutionConfigurationPlatforms) = preSolution
		Debug|Any CPU = Debug|Any CPU
		Release|Any CPU = Release|Any CPU
	EndGlobalSection
	GlobalSection(ProjectConfigurationPlatforms) = postSolution
		{4F81917A-C1B3-4D74-95E8-D2C121F2818A}.Debug|Any CPU.ActiveCfg = Debug|Any CPU
		{4F81917A-C1B3-4D74-95E8-D2C121F2818A}.Debug|Any CPU.Build.0 = Debug|Any CPU
		{4F81917A-C1B3-4D74-95E8-D2C121F2818A}.Release|Any CPU.ActiveCfg = Release|Any CPU
		{4F81917A-C1B3-4D74-95E8-D2C121F2818A}.Release|Any CPU.Build.0 = Release|Any CPU
		{0C7F35D8-48B8-4D67-A0E6-5FF8D768FF0D}.Debug|Any CPU.ActiveCfg = Debug|Any CPU
		{0C7F35D8-48B8-4D67-A0E6-5FF8D768FF0D}.Debug|Any CPU.Build.0 = Debug|Any CPU
		{0C7F35D8-48B8-4D67-A0E6-5FF8D768FF0D}.Release|Any CPU.ActiveCfg = Release|Any CPU
		{0C7F35D8-48B8-4D67-A0E6-5FF8D768FF0D}.Release|Any CPU.Build.0 = Release|Any CPU
		{55F32B16-9EA1-471C-AC9D-87B4F213F341}.Debug|Any CPU.ActiveCfg = Debug|Any CPU
		{55F32B16-9EA1-471C-AC9D-87B4F213F341}.Debug|Any CPU.Build.0 = Debug|Any CPU
		{55F32B16-9EA1-471C-AC9D-87B4F213F341}.Release|Any CPU.ActiveCfg = Release|Any CPU
		{55F32B16-9EA1-471C-AC9D-87B4F213F341}.Release|Any CPU.Build.0 = Release|Any CPU
		{0E196F8A-8983-42D4-A0E9-BA7165468C2B}.Debug|Any CPU.ActiveCfg = Debug|Any CPU
		{0E196F8A-8983-42D4-A0E9-BA7165468C2B}.Debug|Any CPU.Build.0 = Debug|Any CPU
		{0E196F8A-8983-42D4-A0E9-BA7165468C2B}.Release|Any CPU.ActiveCfg = Release|Any CPU
		{0E196F8A-8983-42D4-A0E9-BA7165468C2B}.Release|Any CPU.Build.0 = Release|Any CPU
		{E93FCD0D-3301-4841-8F66-B268B51B6939}.Debug|Any CPU.ActiveCfg = Debug|Any CPU
		{E93FCD0D-3301-4841-8F66-B268B51B6939}.Debug|Any CPU.Build.0 = Debug|Any CPU
		{E93FCD0D-3301-4841-8F66-B268B51B6939}.Release|Any CPU.ActiveCfg = Release|Any CPU
		{E93FCD0D-3301-4841-8F66-B268B51B6939}.Release|Any CPU.Build.0 = Release|Any CPU
		{EEF787F0-7E4A-4C59-B708-5272287F04B6}.Debug|Any CPU.ActiveCfg = Debug|Any CPU
		{EEF787F0-7E4A-4C59-B708-5272287F04B6}.Debug|Any CPU.Build.0 = Debug|Any CPU
		{EEF787F0-7E4A-4C59-B708-5272287F04B6}.Release|Any CPU.ActiveCfg = Release|Any CPU
		{EEF787F0-7E4A-4C59-B708-5272287F04B6}.Release|Any CPU.Build.0 = Release|Any CPU
	EndGlobalSection
	GlobalSection(SolutionProperties) = preSolution
		HideSolutionNode = FALSE
	EndGlobalSection
	GlobalSection(NestedProjects) = preSolution
		{4F81917A-C1B3-4D74-95E8-D2C121F2818A} = {A71B9054-1D52-40F3-951E-29816CC64D17}
		{0E196F8A-8983-42D4-A0E9-BA7165468C2B} = {A71B9054-1D52-40F3-951E-29816CC64D17}
		{E93FCD0D-3301-4841-8F66-B268B51B6939} = {A71B9054-1D52-40F3-951E-29816CC64D17}
	EndGlobalSection
	GlobalSection(ExtensibilityGlobals) = postSolution
		SolutionGuid = {0F9C8964-A13A-4B6F-8EF1-F22B3158CE24}
	EndGlobalSection
EndGlobal
